
Microsoft Visual Studio Solution File, Format Version 12.00
# Visual Studio Version 17
VisualStudioVersion = 17.14.37012.4 d17.14
MinimumVisualStudioVersion = 10.0.40219.1
Project("{FAE04EC0-301F-11D3-BF4B-00C04F79EFBC}") = "gerenciamento-memoria", "gerenciamento-memoria.csproj", "{BE7BDEE5-4113-46A5-B6BF-C1338B0A55A0}"
EndProject
Global
	GlobalSection(SolutionConfigurationPlatforms) = preSolution
		Debug|Any CPU = Debug|Any CPU
		Release|Any CPU = Release|Any CPU
	EndGlobalSection
	GlobalSection(ProjectConfigurationPlatforms) = postSolution
		{BE7BDEE5-4113-46A5-B6BF-C1338B0A55A0}.Debug|Any CPU.ActiveCfg = Debug|Any CPU
		{BE7BDEE5-4113-46A5-B6BF-C1338B0A55A0}.Debug|Any CPU.Build.0 = Debug|Any CPU
		{BE7BDEE5-4113-46A5-B6BF-C1338B0A55A0}.Release|Any CPU.ActiveCfg = Release|Any CPU
		{BE7BDEE5-4113-46A5-B6BF-C1338B0A55A0}.Release|Any CPU.Build.0 = Release|Any CPU
	EndGlobalSection
	GlobalSection(SolutionProperties) = preSolution
		HideSolutionNode = FALSE
	EndGlobalSection
	GlobalSection(ExtensibilityGlobals) = postSolution
		SolutionGuid = {5136C6AC-FBB9-40DF-90BE-CA18E8522D4D}
	EndGlobalSection
EndGlobal
